# THIS IS AN AUTOGENERATED FILE. DO NOT EDIT THIS FILE DIRECTLY.
# yarn lockfile v1


"@adraffy/ens-normalize@1.10.1":
  version "1.10.1"
  resolved "https://registry.npmjs.org/@adraffy/ens-normalize/-/ens-normalize-1.10.1.tgz"
  integrity sha512-96Z2IP3mYmF1Xg2cDm8f1gWGf/HUVedQ3FMifV4kG/PQ4yEP51xDtRAEfhVNt5f/uzpNkZHwWQuUcu6D6K+Ekw==

"@inquirer/checkbox@^2.3.2":
  version "2.3.2"
  resolved "https://registry.npmjs.org/@inquirer/checkbox/-/checkbox-2.3.2.tgz#f57c1a677ebab9527c95cf39470b2337c44207e6"
  integrity sha512-lUXKA/5PhPBXz6SVDE+EbBmV3Wi3X77SPRet6Mc1pn6fSXAIivvu1OWpHDpVUxc+RiFflbrDjXUgLfCQeofrWg==
  dependencies:
    "@inquirer/core" "^8.1.0"
    "@inquirer/figures" "^1.0.1"
    "@inquirer/type" "^1.3.1"
    ansi-escapes "^4.3.2"
    chalk "^4.1.2"

"@inquirer/confirm@^3.1.6":
  version "3.1.6"
  resolved "https://registry.npmjs.org/@inquirer/confirm/-/confirm-3.1.6.tgz#e2b6bdfb2bf307a93024dc5325080b7b750c6c3f"
  integrity sha512-Mj4TU29g6Uy+37UtpA8UpEOI2icBfpCwSW1QDtfx60wRhUy90s/kHPif2OXSSvuwDQT1lhAYRWUfkNf9Tecxvg==
  dependencies:
    "@inquirer/core" "^8.1.0"
    "@inquirer/type" "^1.3.1"

"@inquirer/core@^8.1.0":
  version "8.1.0"
  resolved "https://registry.npmjs.org/@inquirer/core/-/core-8.1.0.tgz#ec8d298dbac1b850ffef8d918f8fe4f0848af91a"
  integrity sha512-kfx0SU9nWgGe1f03ao/uXc85SFH1v2w3vQVH7QDGjKxdtJz+7vPitFtG++BTyJMYyYgH8MpXigutcXJeiQwVRw==
  dependencies:
    "@inquirer/figures" "^1.0.1"
    "@inquirer/type" "^1.3.1"
    "@types/mute-stream" "^0.0.4"
    "@types/node" "^20.12.7"
    "@types/wrap-ansi" "^3.0.0"
    ansi-escapes "^4.3.2"
    chalk "^4.1.2"
    cli-spinners "^2.9.2"
    cli-width "^4.1.0"
    mute-stream "^1.0.0"
    signal-exit "^4.1.0"
    strip-ansi "^6.0.1"
    wrap-ansi "^6.2.0"

"@inquirer/editor@^2.1.6":
  version "2.1.6"
  resolved "https://registry.npmjs.org/@inquirer/editor/-/editor-2.1.6.tgz#26d6bb5a3e555e7adf55adcd6c9d0c399f4df516"
  integrity sha512-CWmp6XhfQye6xwH6/XV1HGvY95rUfzw7EXyNDHzj5s5Qr1t/X3t6c7uRkfK7OD91y+sbSy7aL6MJv2bbNrMoew==
  dependencies:
    "@inquirer/core" "^8.1.0"
    "@inquirer/type" "^1.3.1"
    external-editor "^3.1.0"

"@inquirer/expand@^2.1.6":
  version "2.1.6"
  resolved "https://registry.npmjs.org/@inquirer/expand/-/expand-2.1.6.tgz#49eb00ccf15c2dbac036c06a63849dc5289280d0"
  integrity sha512-mFW/vU6mSut0UjmvxPdLC81Sz+5b4t7sMZeF7RlHki1PJkZVZIQoT91MCvoJJN2S7lDqSAV/TxeYqF41RNkY2g==
  dependencies:
    "@inquirer/core" "^8.1.0"
    "@inquirer/type" "^1.3.1"
    chalk "^4.1.2"

"@inquirer/figures@^1.0.1":
  version "1.0.1"
  resolved "https://registry.npmjs.org/@inquirer/figures/-/figures-1.0.1.tgz#d65f0bd0e9511a90b4d3543ee6a3ce7211f29417"
  integrity sha512-mtup3wVKia3ZwULPHcbs4Mor8Voi+iIXEWD7wCNbIO6lYR62oPCTQyrddi5OMYVXHzeCSoneZwJuS8sBvlEwDw==

"@inquirer/input@^2.1.6":
  version "2.1.6"
  resolved "https://registry.npmjs.org/@inquirer/input/-/input-2.1.6.tgz#6f0bc5659252015ce75155c92831252c7b90cfe3"
  integrity sha512-M8bUFOlcn/kQcVYskl4kkB6dYrHtymJJ1S4nSg/khXT3W3l71u2qhSzfo6PdBG3jUe6ILJZ0gUh4Kef2uJ5pxw==
  dependencies:
    "@inquirer/core" "^8.1.0"
    "@inquirer/type" "^1.3.1"

"@inquirer/password@^2.1.6":
  version "2.1.6"
  resolved "https://registry.npmjs.org/@inquirer/password/-/password-2.1.6.tgz#e919bb341e05cb40222955ef8b63d1e2808104cc"
  integrity sha512-fkiTIijBRxotoMw0/ljA2BaSsz6PlGoiav9QyAjBXCZoyFsYoItstDKvJXbWwS9NrN42fXYvXn1ljBpldnJaeA==
  dependencies:
    "@inquirer/core" "^8.1.0"
    "@inquirer/type" "^1.3.1"
    ansi-escapes "^4.3.2"

"@inquirer/prompts@^5.0.2":
  version "5.0.2"
  resolved "https://registry.npmjs.org/@inquirer/prompts/-/prompts-5.0.2.tgz#8782414c37b272c3cb958f87943c36f0a128c013"
  integrity sha512-3OC7tyqa5E1I5Isnua9xfV8TO7y/n5jnNhGLAG8BLBtCu4jCftDewSdfjFJR0ld77trqjPP2udLxv0RbggJn9w==
  dependencies:
    "@inquirer/checkbox" "^2.3.2"
    "@inquirer/confirm" "^3.1.6"
    "@inquirer/editor" "^2.1.6"
    "@inquirer/expand" "^2.1.6"
    "@inquirer/input" "^2.1.6"
    "@inquirer/password" "^2.1.6"
    "@inquirer/rawlist" "^2.1.6"
    "@inquirer/select" "^2.3.2"

"@inquirer/rawlist@^2.1.6":
  version "2.1.6"
  resolved "https://registry.npmjs.org/@inquirer/rawlist/-/rawlist-2.1.6.tgz#2401fc0fc1207e9f6f1b065fc454fabe44997dfe"
  integrity sha512-xnGBfjatdUqyBMqHi1kHHBh4ggQGZz42vYH0kFdQDnOtx4Ouo7baqVZhBRuQfZTL8tAXuOYI9X6r6BXBl8cnqw==
  dependencies:
    "@inquirer/core" "^8.1.0"
    "@inquirer/type" "^1.3.1"
    chalk "^4.1.2"

"@inquirer/select@^2.3.2":
  version "2.3.2"
  resolved "https://registry.npmjs.org/@inquirer/select/-/select-2.3.2.tgz#3c4768a223a38aea57b694cfd7d1c283df320570"
  integrity sha512-VzLHVpaobBpI3o/CWSG2sCDqrjHZEYAfT1bowbR8Q72fEi0WfBO3Fnh595QqBit9kQhI1uJbVHaaovg1I7eE7Q==
  dependencies:
    "@inquirer/core" "^8.1.0"
    "@inquirer/figures" "^1.0.1"
    "@inquirer/type" "^1.3.1"
    ansi-escapes "^4.3.2"
    chalk "^4.1.2"

"@inquirer/type@^1.3.1":
  version "1.3.1"
  resolved "https://registry.npmjs.org/@inquirer/type/-/type-1.3.1.tgz#afb95ff78f44fff7e8a00e17d5820db6add2a076"
  integrity sha512-Pe3PFccjPVJV1vtlfVvm9OnlbxqdnP5QcscFEFEnK5quChf1ufZtM0r8mR5ToWHMxZOh0s8o/qp9ANGRTo/DAw==

"@noble/curves@1.2.0":
  version "1.2.0"
  resolved "https://registry.npmjs.org/@noble/curves/-/curves-1.2.0.tgz"
  integrity sha512-oYclrNgRaM9SsBUBVbb8M6DTV7ZHRTKugureoYEncY5c65HOmRzvSiTE3y5CYaPYJA/GVkrhXEoF0M3Ya9PMnw==
  dependencies:
    "@noble/hashes" "1.3.2"

"@noble/hashes@1.3.2":
  version "1.3.2"
  resolved "https://registry.npmjs.org/@noble/hashes/-/hashes-1.3.2.tgz"
  integrity sha512-MVC8EAQp7MvEcm30KWENFjgR+Mkmf+D189XJTkFIlwohU5hcBbn1ZkKq7KVTi2Hme3PMGF390DaL52beVrIihQ==

"@types/mute-stream@^0.0.4":
  version "0.0.4"
  resolved "https://registry.npmjs.org/@types/mute-stream/-/mute-stream-0.0.4.tgz#77208e56a08767af6c5e1237be8888e2f255c478"
  integrity sha512-CPM9nzrCPPJHQNA9keH9CVkVI+WR5kMa+7XEs5jcGQ0VoAGnLv242w8lIVgwAEfmE4oufJRaTc9PNLQl0ioAow==
  dependencies:
    "@types/node" "*"

"@types/node@*", "@types/node@^20.12.7":
  version "20.12.11"
  resolved "https://registry.npmjs.org/@types/node/-/node-20.12.11.tgz#c4ef00d3507000d17690643278a60dc55a9dc9be"
  integrity sha512-vDg9PZ/zi+Nqp6boSOT7plNuthRugEKixDv5sFTIpkE89MmNtEArAShI4mxuX2+UrLEe9pxC1vm2cjm9YlWbJw==
  dependencies:
    undici-types "~5.26.4"

"@types/node@18.15.13":
  version "18.15.13"
  resolved "https://registry.npmjs.org/@types/node/-/node-18.15.13.tgz"
  integrity sha512-N+0kuo9KgrUQ1Sn/ifDXsvg0TTleP7rIy4zOBGECxAljqvqfqpTfzx0Q1NUedOixRMBfe2Whhb056a42cWs26Q==

"@types/wrap-ansi@^3.0.0":
  version "3.0.0"
  resolved "https://registry.npmjs.org/@types/wrap-ansi/-/wrap-ansi-3.0.0.tgz#18b97a972f94f60a679fd5c796d96421b9abb9fd"
  integrity sha512-ltIpx+kM7g/MLRZfkbL7EsCEjfzCcScLpkg37eXEtx5kmrAKBkTJwd1GIAjDSL8wTpM6Hzn5YO4pSb91BEwu1g==

aes-js@4.0.0-beta.5:
  version "4.0.0-beta.5"
  resolved "https://registry.npmjs.org/aes-js/-/aes-js-4.0.0-beta.5.tgz"
  integrity sha512-G965FqalsNyrPqgEGON7nIx1e/OVENSgiEIzyC63haUMuvNnwIgIjMs52hlTCKhkBny7A2ORNlfY9Zu+jmGk1Q==

ansi-escapes@^4.3.2:
  version "4.3.2"
  resolved "https://registry.npmjs.org/ansi-escapes/-/ansi-escapes-4.3.2.tgz#6b2291d1db7d98b6521d5f1efa42d0f3a9feb65e"
  integrity sha512-gKXj5ALrKWQLsYG9jlTRmR/xKluxHV+Z9QEwNIgCfM1/uwPMCuzVVnh5mwTd+OuBZcwSIMbqssNWRm1lE51QaQ==
  dependencies:
    type-fest "^0.21.3"

ansi-regex@^5.0.1:
  version "5.0.1"
  resolved "https://registry.npmjs.org/ansi-regex/-/ansi-regex-5.0.1.tgz#082cb2c89c9fe8659a311a53bd6a4dc5301db304"
  integrity sha512-quJQXlTSUGL2LH9SUXo8VwsY4soanhgo6LNSm84E1LBcE8s3O0wpdiRzyR9z/ZZJMlMWv37qOOb9pdJlMUEKFQ==

ansi-regex@^6.0.1:
  version "6.0.1"
  resolved "https://registry.npmjs.org/ansi-regex/-/ansi-regex-6.0.1.tgz#3183e38fae9a65d7cb5e53945cd5897d0260a06a"
  integrity sha512-n5M855fKb2SsfMIiFFoVrABHJC8QtHwVx+mHWP3QcEqBHYienj5dHSgjbxtC0WEZXYt4wcD6zrQElDPhFuZgfA==

ansi-styles@^4.0.0, ansi-styles@^4.1.0:
  version "4.3.0"
  resolved "https://registry.npmjs.org/ansi-styles/-/ansi-styles-4.3.0.tgz#edd803628ae71c04c85ae7a0906edad34b648937"
  integrity sha512-zbB9rCJAT1rbjiVDb2hqKFHNYLxgtk8NURxZ3IZwD3F6NtxbXZQCnnSi1Lkx+IDohdPlFp222wVALIheZJQSEg==
  dependencies:
    color-convert "^2.0.1"

chalk@^4.1.2:
  version "4.1.2"
  resolved "https://registry.npmjs.org/chalk/-/chalk-4.1.2.tgz#aac4e2b7734a740867aeb16bf02aad556a1e7a01"
  integrity sha512-oKnbhFyRIXpUuez8iBMmyEa4nbj4IOQyuhc/wy9kY7/WVPcwIO9VA668Pu8RkO7+0G76SLROeyw9CpQ061i4mA==
  dependencies:
    ansi-styles "^4.1.0"
    supports-color "^7.1.0"

chalk@^5.3.0:
  version "5.3.0"
  resolved "https://registry.npmjs.org/chalk/-/chalk-5.3.0.tgz#67c20a7ebef70e7f3970a01f90fa210cb6860385"
  integrity sha512-dLitG79d+GV1Nb/VYcCDFivJeK1hiukt9QjRNVOsUtTy1rR1YJsmpGGTZ3qJos+uw7WmWF4wUwBd9jxjocFC2w==

chardet@^0.7.0:
  version "0.7.0"
  resolved "https://registry.npmjs.org/chardet/-/chardet-0.7.0.tgz#90094849f0937f2eedc2425d0d28a9e5f0cbad9e"
  integrity sha512-mT8iDcrh03qDGRRmoA2hmBJnxpllMR+0/0qlzjqZES6NdiWDcZkCNAk4rPFZ9Q85r27unkiNNg8ZOiwZXBHwcA==

cli-cursor@^4.0.0:
  version "4.0.0"
  resolved "https://registry.npmjs.org/cli-cursor/-/cli-cursor-4.0.0.tgz#3cecfe3734bf4fe02a8361cbdc0f6fe28c6a57ea"
  integrity sha512-VGtlMu3x/4DOtIUwEkRezxUZ2lBacNJCHash0N0WeZDBS+7Ux1dm3XWAgWYxLJFMMdOeXMHXorshEFhbMSGelg==
  dependencies:
    restore-cursor "^4.0.0"

cli-spinners@^2.9.2:
  version "2.9.2"
  resolved "https://registry.npmjs.org/cli-spinners/-/cli-spinners-2.9.2.tgz#1773a8f4b9c4d6ac31563df53b3fc1d79462fe41"
  integrity sha512-ywqV+5MmyL4E7ybXgKys4DugZbX0FC6LnwrhjuykIjnK9k8OQacQ7axGKnjDXWNhns0xot3bZI5h55H8yo9cJg==

cli-width@^4.1.0:
  version "4.1.0"
  resolved "https://registry.npmjs.org/cli-width/-/cli-width-4.1.0.tgz#42daac41d3c254ef38ad8ac037672130173691c5"
  integrity sha512-ouuZd4/dm2Sw5Gmqy6bGyNNNe1qt9RpmxveLSO7KcgsTnU7RXfsw+/bukWGo1abgBiMAic068rclZsO4IWmmxQ==

color-convert@^2.0.1:
  version "2.0.1"
  resolved "https://registry.npmjs.org/color-convert/-/color-convert-2.0.1.tgz#72d3a68d598c9bdb3af2ad1e84f21d896abd4de3"
  integrity sha512-RRECPsj7iu/xb5oKYcsFHSppFNnsj/52OVTRKb4zP5onXwVF3zVmmToNcOfGC+CRDpfK/U584fMg38ZHCaElKQ==
  dependencies:
    color-name "~1.1.4"

color-name@~1.1.4:
  version "1.1.4"
  resolved "https://registry.npmjs.org/color-name/-/color-name-1.1.4.tgz#c2a09a87acbde69543de6f63fa3995c826c536a2"
  integrity sha512-dOy+3AuW3a2wNbZHIuMZpTcgjGuLU/uBL/ubcZF9OXbDo8ff4O8yVp5Bf0efS8uEoYo5q4Fx7dY9OgQGXgAsQA==

colors-cli@^1.0.33:
  version "1.0.33"
  resolved "https://registry.npmjs.org/colors-cli/-/colors-cli-1.0.33.tgz#22810216e3aaf726b821f6dd3a431a9340ae99cf"
  integrity sha512-PWGsmoJFdOB0t+BeHgmtuoRZUQucOLl5ii81NBzOOGVxlgE04muFNHlR5j8i8MKbOPELBl3243AI6lGBTj5ICQ==

commander@^11.1.0:
  version "11.1.0"
  resolved "https://registry.npmjs.org/commander/-/commander-11.1.0.tgz"
  integrity sha512-yPVavfyCcRhmorC7rWlkHn15b4wDVgVmBA7kV4QVBsF7kv/9TKJAbAXVTxvTnwP8HHKjRCJDClKbciiYS7p0DQ==

dotenv@^16.4.5:
  version "16.4.5"
  resolved "https://registry.npmjs.org/dotenv/-/dotenv-16.4.5.tgz#cdd3b3b604cb327e286b4762e13502f717cb099f"
  integrity sha512-ZmdL2rui+eB2YwhsWzjInR8LldtZHGDoQ1ugH85ppHKwpUHL7j7rN0Ti9NCnGiQbhaZ11FpR+7ao1dNsmduNUg==

emoji-regex@^10.3.0:
  version "10.3.0"
  resolved "https://registry.npmjs.org/emoji-regex/-/emoji-regex-10.3.0.tgz#76998b9268409eb3dae3de989254d456e70cfe23"
  integrity sha512-QpLs9D9v9kArv4lfDEgg1X/gN5XLnf/A6l9cs8SPZLRZR3ZkY9+kwIQTxm+fsSej5UMYGE8fdoaZVIBlqG0XTw==

emoji-regex@^8.0.0:
  version "8.0.0"
  resolved "https://registry.npmjs.org/emoji-regex/-/emoji-regex-8.0.0.tgz#e818fd69ce5ccfcb404594f842963bf53164cc37"
  integrity sha512-MSjYzcWNOA0ewAHpz0MxpYFvwg6yjy1NG3xteoqz644VCo/RPgnr1/GGt+ic3iJTzQ8Eu3TdM14SawnVUmGE6A==

eth-ens-namehash@^2.0.8:
  version "2.0.8"
  resolved "https://registry.npmjs.org/eth-ens-namehash/-/eth-ens-namehash-2.0.8.tgz"
  integrity sha512-VWEI1+KJfz4Km//dadyvBBoBeSQ0MHTXPvr8UIXiLW6IanxvAV+DmlZAijZwAyggqGUfwQBeHf7tc9wzc1piSw==
  dependencies:
    idna-uts46-hx "^2.3.1"
    js-sha3 "^0.5.7"

ethers@^6.12.0:
  version "6.12.0"
  resolved "https://registry.npmjs.org/ethers/-/ethers-6.12.0.tgz#b0c2ce207ae5a3b5125be966e32ffea7c1f2481a"
  integrity sha512-zL5NlOTjML239gIvtVJuaSk0N9GQLi1Hom3ZWUszE5lDTQE/IVB62mrPkQ2W1bGcZwVGSLaetQbWNQSvI4rGDQ==
  dependencies:
    "@adraffy/ens-normalize" "1.10.1"
    "@noble/curves" "1.2.0"
    "@noble/hashes" "1.3.2"
    "@types/node" "18.15.13"
    aes-js "4.0.0-beta.5"
    tslib "2.4.0"
    ws "8.5.0"

ethers@^6.7.1:
  version "6.11.1"
  resolved "https://registry.npmjs.org/ethers/-/ethers-6.11.1.tgz"
  integrity sha512-mxTAE6wqJQAbp5QAe/+o+rXOID7Nw91OZXvgpjDa1r4fAbq2Nu314oEZSbjoRLacuCzs7kUC3clEvkCQowffGg==
  dependencies:
    "@adraffy/ens-normalize" "1.10.1"
    "@noble/curves" "1.2.0"
    "@noble/hashes" "1.3.2"
    "@types/node" "18.15.13"
    aes-js "4.0.0-beta.5"
    tslib "2.4.0"
    ws "8.5.0"

ethstorage-sdk@^1.2.8:
  version "1.2.8"
  resolved "https://registry.npmjs.org/ethstorage-sdk/-/ethstorage-sdk-1.2.8.tgz#7ef220072f303f3dfffa64d7d538974fa988a95b"
  integrity sha512-jwNe1YteJWi0gDhRPQdYu5L2jQGrEpIFCnl18fbfVmSXF+MN2FZNDFMlnOgE4VWibHBRXF+i1EtSUto/GeJlBA==
  dependencies:
    colors-cli "^1.0.33"
    dotenv "^16.4.5"
    ethers "^6.12.0"
    kzg-wasm "^0.4.0"
    rxjs "^7.8.1"

external-editor@^3.1.0:
  version "3.1.0"
  resolved "https://registry.npmjs.org/external-editor/-/external-editor-3.1.0.tgz#cb03f740befae03ea4d283caed2741a83f335495"
  integrity sha512-hMQ4CX1p1izmuLYyZqLMO/qGNw10wSv9QDCPfzXfyFrOaCSSoRfqE1Kf1s5an66J5JZC62NewG+mK49jOCtQew==
  dependencies:
    chardet "^0.7.0"
    iconv-lite "^0.4.24"
    tmp "^0.0.33"

fs@^0.0.1-security:
  version "0.0.1-security"
  resolved "https://registry.npmjs.org/fs/-/fs-0.0.1-security.tgz"
  integrity sha512-3XY9e1pP0CVEUCdj5BmfIZxRBTSDycnbqhIOGec9QYtmVH2fbLpj86CFWkrNOkt/Fvty4KZG5lTglL9j/gJ87w==

get-east-asian-width@^1.0.0:
  version "1.2.0"
  resolved "https://registry.npmjs.org/get-east-asian-width/-/get-east-asian-width-1.2.0.tgz#5e6ebd9baee6fb8b7b6bd505221065f0cd91f64e"
  integrity sha512-2nk+7SIVb14QrgXFHcm84tD4bKQz0RxPuMT8Ag5KPOq7J5fEmAg0UbXdTOSHqNuHSU28k55qnceesxXRZGzKWA==

has-flag@^4.0.0:
  version "4.0.0"
  resolved "https://registry.npmjs.org/has-flag/-/has-flag-4.0.0.tgz#944771fd9c81c81265c4d6941860da06bb59479b"
  integrity sha512-EykJT/Q1KjTWctppgIAgfSO0tKVuZUjhgMr17kqTumMl6Afv3EISleU7qZUzoXDFTAHTDC4NOoG/ZxU3EvlMPQ==

iconv-lite@^0.4.24:
  version "0.4.24"
  resolved "https://registry.npmjs.org/iconv-lite/-/iconv-lite-0.4.24.tgz#2022b4b25fbddc21d2f524974a474aafe733908b"
  integrity sha512-v3MXnZAcvnywkTUEZomIActle7RXXeedOR31wwl7VlyoXO4Qi9arvSenNQWne1TcRwhCL1HwLI21bEqdpj8/rA==
  dependencies:
    safer-buffer ">= 2.1.2 < 3"

idna-uts46-hx@^2.3.1:
  version "2.3.1"
  resolved "https://registry.npmjs.org/idna-uts46-hx/-/idna-uts46-hx-2.3.1.tgz"
  integrity sha512-PWoF9Keq6laYdIRwwCdhTPl60xRqAloYNMQLiyUnG42VjT53oW07BXIRM+NK7eQjzXjAk2gUvX9caRxlnF9TAA==
  dependencies:
    punycode "2.1.0"

is-fullwidth-code-point@^3.0.0:
  version "3.0.0"
  resolved "https://registry.npmjs.org/is-fullwidth-code-point/-/is-fullwidth-code-point-3.0.0.tgz#f116f8064fe90b3f7844a38997c0b75051269f1d"
  integrity sha512-zymm5+u+sCsSWyD9qNaejV3DFvhCKclKdizYaJUuHA83RLjb7nSuGnddCHGv0hk+KY7BMAlsWeK4Ueg6EV6XQg==

is-interactive@^2.0.0:
  version "2.0.0"
  resolved "https://registry.npmjs.org/is-interactive/-/is-interactive-2.0.0.tgz#40c57614593826da1100ade6059778d597f16e90"
  integrity sha512-qP1vozQRI+BMOPcjFzrjXuQvdak2pHNUMZoeG2eRbiSqyvbEf/wQtEOTOX1guk6E3t36RkaqiSt8A/6YElNxLQ==

is-unicode-supported@^1.3.0:
  version "1.3.0"
  resolved "https://registry.npmjs.org/is-unicode-supported/-/is-unicode-supported-1.3.0.tgz#d824984b616c292a2e198207d4a609983842f714"
  integrity sha512-43r2mRvz+8JRIKnWJ+3j8JtjRKZ6GmjzfaE/qiBJnikNnYv/6bagRJ1kUhNk8R5EX/GkobD+r+sfxCPJsiKBLQ==

is-unicode-supported@^2.0.0:
  version "2.0.0"
  resolved "https://registry.npmjs.org/is-unicode-supported/-/is-unicode-supported-2.0.0.tgz#fdf32df9ae98ff6ab2cedc155a5a6e895701c451"
  integrity sha512-FRdAyx5lusK1iHG0TWpVtk9+1i+GjrzRffhDg4ovQ7mcidMQ6mj+MhKPmvh7Xwyv5gIS06ns49CA7Sqg7lC22Q==

js-sha3@^0.5.7:
  version "0.5.7"
  resolved "https://registry.npmjs.org/js-sha3/-/js-sha3-0.5.7.tgz"
  integrity sha512-GII20kjaPX0zJ8wzkTbNDYMY7msuZcTWk8S5UOh6806Jq/wz1J8/bnr8uGU0DAUmYDjj2Mr4X1cW8v/GLYnR+g==

js-sha3@^0.8.0:
  version "0.8.0"
  resolved "https://registry.npmjs.org/js-sha3/-/js-sha3-0.8.0.tgz"
  integrity sha512-gF1cRrHhIzNfToc802P800N8PpXS+evLLXfsVpowqmAFR9uwbi89WvXg2QspOmXL8QL86J4T1EpFu+yUkwJY3Q==

kzg-wasm@^0.4.0:
  version "0.4.0"
  resolved "https://registry.npmjs.org/kzg-wasm/-/kzg-wasm-0.4.0.tgz#362048470e25fb9683eefa9d2b076283ae653fa0"
  integrity sha512-hKEwFbKrY1LZnAH5gY8+PlVWfkGnj2wd2tc83eIgzuC4NoshXqplW9OzGlBDqpAmXxwhiN8fgPG2+NcvUIBSwg==

log-symbols@^6.0.0:
  version "6.0.0"
  resolved "https://registry.npmjs.org/log-symbols/-/log-symbols-6.0.0.tgz#bb95e5f05322651cac30c0feb6404f9f2a8a9439"
  integrity sha512-i24m8rpwhmPIS4zscNzK6MSEhk0DUWa/8iYQWxhffV8jkI4Phvs3F+quL5xvS0gdQR0FyTCMMH33Y78dDTzzIw==
  dependencies:
    chalk "^5.3.0"
    is-unicode-supported "^1.3.0"

mimic-fn@^2.1.0:
  version "2.1.0"
  resolved "https://registry.npmjs.org/mimic-fn/-/mimic-fn-2.1.0.tgz#7ed2c2ccccaf84d3ffcb7a69b57711fc2083401b"
  integrity sha512-OqbOk5oEQeAZ8WXWydlu9HJjz9WVdEIvamMCcXmuqUYjTknH/sqsWvhQ3vgwKFRR1HpjvNBKQ37nbJgYzGqGcg==

mute-stream@^1.0.0:
  version "1.0.0"
  resolved "https://registry.npmjs.org/mute-stream/-/mute-stream-1.0.0.tgz#e31bd9fe62f0aed23520aa4324ea6671531e013e"
  integrity sha512-avsJQhyd+680gKXyG/sQc0nXaC6rBkPOfyHYcFb9+hdkqQkR9bdnkJ0AMZhke0oesPqIO+mFFJ+IdBc7mst4IA==

onetime@^5.1.0:
  version "5.1.2"
  resolved "https://registry.npmjs.org/onetime/-/onetime-5.1.2.tgz#d0e96ebb56b07476df1dd9c4806e5237985ca45e"
  integrity sha512-kbpaSSGJTWdAY5KPVeMOKXSrPtr8C8C7wodJbcsd51jRnmD+GZu8Y0VoU6Dm5Z4vWr0Ig/1NKuWRKf7j5aaYSg==
  dependencies:
    mimic-fn "^2.1.0"

ora@^8.0.1:
  version "8.0.1"
  resolved "https://registry.npmjs.org/ora/-/ora-8.0.1.tgz#6dcb9250a629642cbe0d2df3a6331ad6f7a2af3e"
  integrity sha512-ANIvzobt1rls2BDny5fWZ3ZVKyD6nscLvfFRpQgfWsythlcsVUC9kL0zq6j2Z5z9wwp1kd7wpsD/T9qNPVLCaQ==
  dependencies:
    chalk "^5.3.0"
    cli-cursor "^4.0.0"
    cli-spinners "^2.9.2"
    is-interactive "^2.0.0"
    is-unicode-supported "^2.0.0"
    log-symbols "^6.0.0"
    stdin-discarder "^0.2.1"
    string-width "^7.0.0"
    strip-ansi "^7.1.0"

os-tmpdir@~1.0.2:
  version "1.0.2"
  resolved "https://registry.npmjs.org/os-tmpdir/-/os-tmpdir-1.0.2.tgz#bbe67406c79aa85c5cfec766fe5734555dfa1274"
  integrity sha512-D2FR03Vir7FIu45XBY20mTb+/ZSWB00sjU9jdQXt83gDrI4Ztz5Fs7/yy74g2N5SVQY4xY1qDr4rNddwYRVX0g==

punycode@2.1.0:
  version "2.1.0"
  resolved "https://registry.npmjs.org/punycode/-/punycode-2.1.0.tgz"
  integrity sha512-Yxz2kRwT90aPiWEMHVYnEf4+rhwF1tBmmZ4KepCP+Wkium9JxtWnUm1nqGwpiAHr/tnTSeHqr3wb++jgSkXjhA==

restore-cursor@^4.0.0:
  version "4.0.0"
  resolved "https://registry.npmjs.org/restore-cursor/-/restore-cursor-4.0.0.tgz#519560a4318975096def6e609d44100edaa4ccb9"
  integrity sha512-I9fPXU9geO9bHOt9pHHOhOkYerIMsmVaWB0rA2AI9ERh/+x/i7MV5HKBNrg+ljO5eoPVgCcnFuRjJ9uH6I/3eg==
  dependencies:
    onetime "^5.1.0"
    signal-exit "^3.0.2"

rxjs@^7.8.1:
  version "7.8.1"
  resolved "https://registry.npmjs.org/rxjs/-/rxjs-7.8.1.tgz#6f6f3d99ea8044291efd92e7c7fcf562c4057543"
  integrity sha512-AA3TVj+0A2iuIoQkWEK/tqFjBq2j+6PO6Y0zJcvzLAFhEFIO3HL0vls9hWLncZbAAbK0mar7oZ4V079I/qPMxg==
  dependencies:
    tslib "^2.1.0"

"safer-buffer@>= 2.1.2 < 3":
  version "2.1.2"
  resolved "https://registry.npmjs.org/safer-buffer/-/safer-buffer-2.1.2.tgz#44fa161b0187b9549dd84bb91802f9bd8385cd6a"
  integrity sha512-YZo3K82SD7Riyi0E1EQPojLz7kpepnSQI9IyPbHHg1XXXevb5dJI7tpyN2ADxGcQbHG7vcyRHk0cbwqcQriUtg==

signal-exit@^3.0.2:
  version "3.0.7"
  resolved "https://registry.npmjs.org/signal-exit/-/signal-exit-3.0.7.tgz#a9a1767f8af84155114eaabd73f99273c8f59ad9"
  integrity sha512-wnD2ZE+l+SPC/uoS0vXeE9L1+0wuaMqKlfz9AMUo38JsyLSBWSFcHR1Rri62LZc12vLr1gb3jl7iwQhgwpAbGQ==

signal-exit@^4.1.0:
  version "4.1.0"
  resolved "https://registry.npmjs.org/signal-exit/-/signal-exit-4.1.0.tgz#952188c1cbd546070e2dd20d0f41c0ae0530cb04"
  integrity sha512-bzyZ1e88w9O1iNJbKnOlvYTrWPDl46O1bG0D3XInv+9tkPrxrN8jUUTiFlDkkmKWgn1M6CfIA13SuGqOa9Korw==

stdin-discarder@^0.2.1:
  version "0.2.2"
  resolved "https://registry.npmjs.org/stdin-discarder/-/stdin-discarder-0.2.2.tgz#390037f44c4ae1a1ae535c5fe38dc3aba8d997be"
  integrity sha512-UhDfHmA92YAlNnCfhmq0VeNL5bDbiZGg7sZ2IvPsXubGkiNa9EC+tUTsjBRsYUAz87btI6/1wf4XoVvQ3uRnmQ==

string-width@^4.1.0:
  version "4.2.3"
  resolved "https://registry.npmjs.org/string-width/-/string-width-4.2.3.tgz#269c7117d27b05ad2e536830a8ec895ef9c6d010"
  integrity sha512-wKyQRQpjJ0sIp62ErSZdGsjMJWsap5oRNihHhu6G7JVO/9jIB6UyevL+tXuOqrng8j/cxKTWyWUwvSTriiZz/g==
  dependencies:
    emoji-regex "^8.0.0"
    is-fullwidth-code-point "^3.0.0"
    strip-ansi "^6.0.1"

string-width@^7.0.0:
  version "7.1.0"
  resolved "https://registry.npmjs.org/string-width/-/string-width-7.1.0.tgz#d994252935224729ea3719c49f7206dc9c46550a"
  integrity sha512-SEIJCWiX7Kg4c129n48aDRwLbFb2LJmXXFrWBG4NGaRtMQ3myKPKbwrD1BKqQn74oCoNMBVrfDEr5M9YxCsrkw==
  dependencies:
    emoji-regex "^10.3.0"
    get-east-asian-width "^1.0.0"
    strip-ansi "^7.1.0"

strip-ansi@^6.0.0, strip-ansi@^6.0.1:
  version "6.0.1"
  resolved "https://registry.npmjs.org/strip-ansi/-/strip-ansi-6.0.1.tgz#9e26c63d30f53443e9489495b2105d37b67a85d9"
  integrity sha512-Y38VPSHcqkFrCpFnQ9vuSXmquuv5oXOKpGeT6aGrr3o3Gc9AlVa6JBfUSOCnbxGGZF+/0ooI7KrPuUSztUdU5A==
  dependencies:
    ansi-regex "^5.0.1"

strip-ansi@^7.1.0:
  version "7.1.0"
  resolved "https://registry.npmjs.org/strip-ansi/-/strip-ansi-7.1.0.tgz#d5b6568ca689d8561370b0707685d22434faff45"
  integrity sha512-iq6eVVI64nQQTRYq2KtEg2d2uU7LElhTJwsH4YzIHZshxlgZms/wIc4VoDQTlG/IvVIrBKG06CrZnp0qv7hkcQ==
  dependencies:
    ansi-regex "^6.0.1"

supports-color@^7.1.0:
  version "7.2.0"
  resolved "https://registry.npmjs.org/supports-color/-/supports-color-7.2.0.tgz#1b7dcdcb32b8138801b3e478ba6a51caa89648da"
  integrity sha512-qpCAvRl9stuOHveKsn7HncJRvv501qIacKzQlO/+Lwxc9+0q2wLyv4Dfvt80/DPn2pqOBsJdDiogXGR9+OvwRw==
  dependencies:
    has-flag "^4.0.0"

tmp@^0.0.33:
  version "0.0.33"
  resolved "https://registry.npmjs.org/tmp/-/tmp-0.0.33.tgz#6d34335889768d21b2bcda0aa277ced3b1bfadf9"
  integrity sha512-jRCJlojKnZ3addtTOjdIqoRuPEKBvNXcGYqzO6zWZX8KfKEpnGY5jfggJQ3EjKuu8D4bJRr0y+cYJFmYbImXGw==
  dependencies:
    os-tmpdir "~1.0.2"

tslib@2.4.0:
  version "2.4.0"
  resolved "https://registry.npmjs.org/tslib/-/tslib-2.4.0.tgz"
  integrity sha512-d6xOpEDfsi2CZVlPQzGeux8XMwLT9hssAsaPYExaQMuYskwb+x1x7J371tWlbBdWHroy99KnVB6qIkUbs5X3UQ==

tslib@^2.1.0:
  version "2.6.2"
  resolved "https://registry.npmjs.org/tslib/-/tslib-2.6.2.tgz"
  integrity sha512-AEYxH93jGFPn/a2iVAwW87VuUIkR1FVUKB77NwMF7nBTDkDrrT/Hpt/IrCJ0QXhW27jTBDcf5ZY7w6RiqTMw2Q==

type-fest@^0.21.3:
  version "0.21.3"
  resolved "https://registry.npmjs.org/type-fest/-/type-fest-0.21.3.tgz#d260a24b0198436e133fa26a524a6d65fa3b2e37"
  integrity sha512-t0rzBq87m3fVcduHDUFhKmyyX+9eo6WQjZvf51Ea/M0Q7+T374Jp1aUiyUl0GKxp8M/OETVHSDvmkyPgvX+X2w==

undici-types@~5.26.4:
  version "5.26.5"
  resolved "https://registry.npmjs.org/undici-types/-/undici-types-5.26.5.tgz#bcd539893d00b56e964fd2657a4866b221a65617"
  integrity sha512-JlCMO+ehdEIKqlFxk6IfVoAUVmgz7cU7zD/h9XZ0qzeosSHmUJVOzSQvvYSYWXkFXC+IfLKSIffhv0sVZup6pA==

wrap-ansi@^6.2.0:
  version "6.2.0"
  resolved "https://registry.npmjs.org/wrap-ansi/-/wrap-ansi-6.2.0.tgz#e9393ba07102e6c91a3b221478f0257cd2856e53"
  integrity sha512-r6lPcBGxZXlIcymEu7InxDMhdW0KDxpLgoFLcguasxCaJ/SOIZwINatK9KY/tf+ZrlywOKU0UDj3ATXUBfxJXA==
  dependencies:
    ansi-styles "^4.0.0"
    string-width "^4.1.0"
    strip-ansi "^6.0.0"

ws@8.5.0:
  version "8.5.0"
  resolved "https://registry.npmjs.org/ws/-/ws-8.5.0.tgz"
  integrity sha512-BWX0SWVgLPzYwF8lTzEy1egjhS4S4OEAHfsO8o65WOVsrnSRGaSiUaa9e0ggGlkMTtBlmOpEXiie9RUcBO86qg==
