# THIS IS AN AUTOGENERATED FILE. DO NOT EDIT THIS FILE DIRECTLY.
# yarn lockfile v1


"@adraffy/ens-normalize@1.10.1":
  version "1.10.1"
  resolved "https://registry.npmjs.org/@adraffy/ens-normalize/-/ens-normalize-1.10.1.tgz"
  integrity sha512-96Z2IP3mYmF1Xg2cDm8f1gWGf/HUVedQ3FMifV4kG/PQ4yEP51xDtRAEfhVNt5f/uzpNkZHwWQuUcu6D6K+Ekw==

"@ethereumjs/common@^4.3.0":
  version "4.3.0"
  resolved "https://registry.npmjs.org/@ethereumjs/common/-/common-4.3.0.tgz#5b45eec7dcf521fa4ddaf0b383072fbcf9913553"
  integrity sha512-shBNJ0ewcPNTUfZduHiczPmqkfJDn0Dh/9BR5fq7xUFTuIq7Fu1Vx00XDwQVIrpVL70oycZocOhBM6nDO+4FEQ==
  dependencies:
    "@ethereumjs/util" "^9.0.3"

"@ethereumjs/rlp@^5.0.2":
  version "5.0.2"
  resolved "https://registry.npmjs.org/@ethereumjs/rlp/-/rlp-5.0.2.tgz#c89bd82f2f3bec248ab2d517ae25f5bbc4aac842"
  integrity sha512-DziebCdg4JpGlEqEdGgXmjqcFoJi+JGulUXwEjsZGAscAQ7MyD/7LE/GVCP29vEQxKc7AAwjT3A2ywHp2xfoCA==

"@ethereumjs/tx@^5.3.0":
  version "5.3.0"
  resolved "https://registry.npmjs.org/@ethereumjs/tx/-/tx-5.3.0.tgz#473f351729ef4e30eaa3a3fb5aaccd4405a7ee41"
  integrity sha512-uv++XYuIfuqYbvymL3/o14hHuC6zX0nRQ1nI2FHsbkkorLZ2ChEIDqVeeVk7Xc9/jQNU/22sk9qZZkRlsveXxw==
  dependencies:
    "@ethereumjs/common" "^4.3.0"
    "@ethereumjs/rlp" "^5.0.2"
    "@ethereumjs/util" "^9.0.3"
    ethereum-cryptography "^2.1.3"

"@ethereumjs/util@^9.0.3":
  version "9.0.3"
  resolved "https://registry.npmjs.org/@ethereumjs/util/-/util-9.0.3.tgz#c2709e6127a85bbe23a71937ac78358ac93e7241"
  integrity sha512-PmwzWDflky+7jlZIFqiGsBPap12tk9zK5SVH9YW2OEnDN7OEhCjUOMzbOqwuClrbkSIkM2ERivd7sXZ48Rh/vg==
  dependencies:
    "@ethereumjs/rlp" "^5.0.2"
    ethereum-cryptography "^2.1.3"

"@noble/curves@1.2.0":
  version "1.2.0"
  resolved "https://registry.npmjs.org/@noble/curves/-/curves-1.2.0.tgz"
  integrity sha512-oYclrNgRaM9SsBUBVbb8M6DTV7ZHRTKugureoYEncY5c65HOmRzvSiTE3y5CYaPYJA/GVkrhXEoF0M3Ya9PMnw==
  dependencies:
    "@noble/hashes" "1.3.2"

"@noble/curves@1.3.0", "@noble/curves@~1.3.0":
  version "1.3.0"
  resolved "https://registry.npmjs.org/@noble/curves/-/curves-1.3.0.tgz#01be46da4fd195822dab821e72f71bf4aeec635e"
  integrity sha512-t01iSXPuN+Eqzb4eBX0S5oubSqXbK/xXa1Ne18Hj8f9pStxztHCE2gfboSp/dZRLSqfuLpRK2nDXDK+W9puocA==
  dependencies:
    "@noble/hashes" "1.3.3"

"@noble/hashes@1.3.2":
  version "1.3.2"
  resolved "https://registry.npmjs.org/@noble/hashes/-/hashes-1.3.2.tgz"
  integrity sha512-MVC8EAQp7MvEcm30KWENFjgR+Mkmf+D189XJTkFIlwohU5hcBbn1ZkKq7KVTi2Hme3PMGF390DaL52beVrIihQ==

"@noble/hashes@1.3.3", "@noble/hashes@~1.3.2":
  version "1.3.3"
  resolved "https://registry.npmjs.org/@noble/hashes/-/hashes-1.3.3.tgz#39908da56a4adc270147bb07968bf3b16cfe1699"
  integrity sha512-V7/fPHgl+jsVPXqqeOzT8egNj2iBIVt+ECeMMG8TdcnTikP3oaBtUVqpT/gYCR68aEBJSF+XbYUxStjbFMqIIA==

"@scure/base@~1.1.4":
  version "1.1.6"
  resolved "https://registry.npmjs.org/@scure/base/-/base-1.1.6.tgz#8ce5d304b436e4c84f896e0550c83e4d88cb917d"
  integrity sha512-ok9AWwhcgYuGG3Zfhyqg+zwl+Wn5uE+dwC0NV/2qQkx4dABbb/bx96vWu8NSj+BNjjSjno+JRYRjle1jV08k3g==

"@scure/bip32@1.3.3":
  version "1.3.3"
  resolved "https://registry.npmjs.org/@scure/bip32/-/bip32-1.3.3.tgz#a9624991dc8767087c57999a5d79488f48eae6c8"
  integrity sha512-LJaN3HwRbfQK0X1xFSi0Q9amqOgzQnnDngIt+ZlsBC3Bm7/nE7K0kwshZHyaru79yIVRv/e1mQAjZyuZG6jOFQ==
  dependencies:
    "@noble/curves" "~1.3.0"
    "@noble/hashes" "~1.3.2"
    "@scure/base" "~1.1.4"

"@scure/bip39@1.2.2":
  version "1.2.2"
  resolved "https://registry.npmjs.org/@scure/bip39/-/bip39-1.2.2.tgz#f3426813f4ced11a47489cbcf7294aa963966527"
  integrity sha512-HYf9TUXG80beW+hGAt3TRM8wU6pQoYur9iNypTROm42dorCGmLnFe3eWjz3gOq6G62H2WRh0FCzAR1PI+29zIA==
  dependencies:
    "@noble/hashes" "~1.3.2"
    "@scure/base" "~1.1.4"

"@types/node@18.15.13":
  version "18.15.13"
  resolved "https://registry.npmjs.org/@types/node/-/node-18.15.13.tgz"
  integrity sha512-N+0kuo9KgrUQ1Sn/ifDXsvg0TTleP7rIy4zOBGECxAljqvqfqpTfzx0Q1NUedOixRMBfe2Whhb056a42cWs26Q==

aes-js@4.0.0-beta.5:
  version "4.0.0-beta.5"
  resolved "https://registry.npmjs.org/aes-js/-/aes-js-4.0.0-beta.5.tgz"
  integrity sha512-G965FqalsNyrPqgEGON7nIx1e/OVENSgiEIzyC63haUMuvNnwIgIjMs52hlTCKhkBny7A2ORNlfY9Zu+jmGk1Q==

asynckit@^0.4.0:
  version "0.4.0"
  resolved "https://registry.npmjs.org/asynckit/-/asynckit-0.4.0.tgz#c79ed97f7f34cb8f2ba1bc9790bcc366474b4b79"
  integrity sha512-Oei9OH4tRh0YqU3GxhX79dM/mwVgvbZJaSNaRk+bshkj0S5cfHcgYakreBjrHwatXKbz+IoIdYLxrKim2MjW0Q==

axios@^1.6.8:
  version "1.6.8"
  resolved "https://registry.npmjs.org/axios/-/axios-1.6.8.tgz#66d294951f5d988a00e87a0ffb955316a619ea66"
  integrity sha512-v/ZHtJDU39mDpyBoFVkETcd/uNdxrWRrg3bKpOKzXFA6Bvqopts6ALSMU3y6ijYxbw2B+wPrIv46egTzJXCLGQ==
  dependencies:
    follow-redirects "^1.15.6"
    form-data "^4.0.0"
    proxy-from-env "^1.1.0"

colors-cli@^1.0.28:
  version "1.0.33"
  resolved "https://registry.npmjs.org/colors-cli/-/colors-cli-1.0.33.tgz"
  integrity sha512-PWGsmoJFdOB0t+BeHgmtuoRZUQucOLl5ii81NBzOOGVxlgE04muFNHlR5j8i8MKbOPELBl3243AI6lGBTj5ICQ==

combined-stream@^1.0.8:
  version "1.0.8"
  resolved "https://registry.npmjs.org/combined-stream/-/combined-stream-1.0.8.tgz#c3d45a8b34fd730631a110a8a2520682b31d5a7f"
  integrity sha512-FQN4MRfuJeHf7cBbBMJFXhKSDq+2kAArBlmRBvcvFE5BB1HZKXtSFASDhdlz9zOYwxh8lDdnvmMOe/+5cdoEdg==
  dependencies:
    delayed-stream "~1.0.0"

commander@^11.1.0:
  version "11.1.0"
  resolved "https://registry.npmjs.org/commander/-/commander-11.1.0.tgz"
  integrity sha512-yPVavfyCcRhmorC7rWlkHn15b4wDVgVmBA7kV4QVBsF7kv/9TKJAbAXVTxvTnwP8HHKjRCJDClKbciiYS7p0DQ==

delayed-stream@~1.0.0:
  version "1.0.0"
  resolved "https://registry.npmjs.org/delayed-stream/-/delayed-stream-1.0.0.tgz#df3ae199acadfb7d440aaae0b29e2272b24ec619"
  integrity sha512-ZySD7Nf91aLB0RxL4KGrKHBXl7Eds1DAmEdcoVawXnLD7SDhpNgtuII2aAkg7a7QS41jxPSZ17p4VdGnMHk3MQ==

dotenv@^16.4.5:
  version "16.4.5"
  resolved "https://registry.npmjs.org/dotenv/-/dotenv-16.4.5.tgz#cdd3b3b604cb327e286b4762e13502f717cb099f"
  integrity sha512-ZmdL2rui+eB2YwhsWzjInR8LldtZHGDoQ1ugH85ppHKwpUHL7j7rN0Ti9NCnGiQbhaZ11FpR+7ao1dNsmduNUg==

eth-ens-namehash@^2.0.8:
  version "2.0.8"
  resolved "https://registry.npmjs.org/eth-ens-namehash/-/eth-ens-namehash-2.0.8.tgz"
  integrity sha512-VWEI1+KJfz4Km//dadyvBBoBeSQ0MHTXPvr8UIXiLW6IanxvAV+DmlZAijZwAyggqGUfwQBeHf7tc9wzc1piSw==
  dependencies:
    idna-uts46-hx "^2.3.1"
    js-sha3 "^0.5.7"

ethereum-cryptography@^2.1.3:
  version "2.1.3"
  resolved "https://registry.npmjs.org/ethereum-cryptography/-/ethereum-cryptography-2.1.3.tgz#1352270ed3b339fe25af5ceeadcf1b9c8e30768a"
  integrity sha512-BlwbIL7/P45W8FGW2r7LGuvoEZ+7PWsniMvQ4p5s2xCyw9tmaDlpfsN9HjAucbF+t/qpVHwZUisgfK24TCW8aA==
  dependencies:
    "@noble/curves" "1.3.0"
    "@noble/hashes" "1.3.3"
    "@scure/bip32" "1.3.3"
    "@scure/bip39" "1.2.2"

ethers@^6.11.1, ethers@^6.7.1:
  version "6.11.1"
  resolved "https://registry.npmjs.org/ethers/-/ethers-6.11.1.tgz"
  integrity sha512-mxTAE6wqJQAbp5QAe/+o+rXOID7Nw91OZXvgpjDa1r4fAbq2Nu314oEZSbjoRLacuCzs7kUC3clEvkCQowffGg==
  dependencies:
    "@adraffy/ens-normalize" "1.10.1"
    "@noble/curves" "1.2.0"
    "@noble/hashes" "1.3.2"
    "@types/node" "18.15.13"
    aes-js "4.0.0-beta.5"
    tslib "2.4.0"
    ws "8.5.0"

ethstorage-kzg-wasm@^0.0.2:
  version "0.0.2"
  resolved "https://registry.npmjs.org/ethstorage-kzg-wasm/-/ethstorage-kzg-wasm-0.0.2.tgz#87c220da27bdb2a20ff87828b4365c3490d817ff"
  integrity sha512-gjuuN8QfQHnVN6nVqDb3iYg4/kKOwZSEeXez2rMV7JaFWVAFoYpQQaeC1HEQtsO3WJDU273bfgPMSVOPdCY6hw==

ethstorage-sdk@^1.2.0:
  version "1.2.0"
  resolved "https://registry.npmjs.org/ethstorage-sdk/-/ethstorage-sdk-1.2.0.tgz#40a8b8aeb6a0d25428e58555dbe0c318b26d7620"
  integrity sha512-zTCVxQZa4KvQtvgyCN/jae33A8Fl0vjWrcTwAswKmcpOKTX66AaQWbkgbNU/4kQwDaNCKHyyDS35ctJO+n/0dw==
  dependencies:
    "@ethereumjs/common" "^4.3.0"
    "@ethereumjs/tx" "^5.3.0"
    axios "^1.6.8"
    dotenv "^16.4.5"
    ethers "^6.11.1"
    ethstorage-kzg-wasm "^0.0.2"

follow-redirects@^1.15.6:
  version "1.15.6"
  resolved "https://registry.npmjs.org/follow-redirects/-/follow-redirects-1.15.6.tgz#7f815c0cda4249c74ff09e95ef97c23b5fd0399b"
  integrity sha512-wWN62YITEaOpSK584EZXJafH1AGpO8RVgElfkuXbTOrPX4fIfOyEpW/CsiNd8JdYrAoOvafRTOEnvsO++qCqFA==

form-data@^4.0.0:
  version "4.0.0"
  resolved "https://registry.npmjs.org/form-data/-/form-data-4.0.0.tgz#93919daeaf361ee529584b9b31664dc12c9fa452"
  integrity sha512-ETEklSGi5t0QMZuiXoA/Q6vcnxcLQP5vdugSpuAyi6SVGi2clPPp+xgEhuMaHC+zGgn31Kd235W35f7Hykkaww==
  dependencies:
    asynckit "^0.4.0"
    combined-stream "^1.0.8"
    mime-types "^2.1.12"

fs@^0.0.1-security:
  version "0.0.1-security"
  resolved "https://registry.npmjs.org/fs/-/fs-0.0.1-security.tgz"
  integrity sha512-3XY9e1pP0CVEUCdj5BmfIZxRBTSDycnbqhIOGec9QYtmVH2fbLpj86CFWkrNOkt/Fvty4KZG5lTglL9j/gJ87w==

idna-uts46-hx@^2.3.1:
  version "2.3.1"
  resolved "https://registry.npmjs.org/idna-uts46-hx/-/idna-uts46-hx-2.3.1.tgz"
  integrity sha512-PWoF9Keq6laYdIRwwCdhTPl60xRqAloYNMQLiyUnG42VjT53oW07BXIRM+NK7eQjzXjAk2gUvX9caRxlnF9TAA==
  dependencies:
    punycode "2.1.0"

js-sha3@^0.5.7:
  version "0.5.7"
  resolved "https://registry.npmjs.org/js-sha3/-/js-sha3-0.5.7.tgz"
  integrity sha512-GII20kjaPX0zJ8wzkTbNDYMY7msuZcTWk8S5UOh6806Jq/wz1J8/bnr8uGU0DAUmYDjj2Mr4X1cW8v/GLYnR+g==

js-sha3@^0.8.0:
  version "0.8.0"
  resolved "https://registry.npmjs.org/js-sha3/-/js-sha3-0.8.0.tgz"
  integrity sha512-gF1cRrHhIzNfToc802P800N8PpXS+evLLXfsVpowqmAFR9uwbi89WvXg2QspOmXL8QL86J4T1EpFu+yUkwJY3Q==

mime-db@1.52.0:
  version "1.52.0"
  resolved "https://registry.npmjs.org/mime-db/-/mime-db-1.52.0.tgz#bbabcdc02859f4987301c856e3387ce5ec43bf70"
  integrity sha512-sPU4uV7dYlvtWJxwwxHD0PuihVNiE7TyAbQ5SWxDCB9mUYvOgroQOwYQQOKPJ8CIbE+1ETVlOoK1UC2nU3gYvg==

mime-types@^2.1.12:
  version "2.1.35"
  resolved "https://registry.npmjs.org/mime-types/-/mime-types-2.1.35.tgz#381a871b62a734450660ae3deee44813f70d959a"
  integrity sha512-ZDY+bPm5zTTF+YpCrAU9nK0UgICYPT0QtT1NZWFv4s++TNkcgVaT0g6+4R2uI4MjQjzysHB1zxuWL50hzaeXiw==
  dependencies:
    mime-db "1.52.0"

proxy-from-env@^1.1.0:
  version "1.1.0"
  resolved "https://registry.npmjs.org/proxy-from-env/-/proxy-from-env-1.1.0.tgz#e102f16ca355424865755d2c9e8ea4f24d58c3e2"
  integrity sha512-D+zkORCbA9f1tdWRK0RaCR3GPv50cMxcrz4X8k5LTSUD1Dkw47mKJEZQNunItRTkWwgtaUSo1RVFRIG9ZXiFYg==

punycode@2.1.0:
  version "2.1.0"
  resolved "https://registry.npmjs.org/punycode/-/punycode-2.1.0.tgz"
  integrity sha512-Yxz2kRwT90aPiWEMHVYnEf4+rhwF1tBmmZ4KepCP+Wkium9JxtWnUm1nqGwpiAHr/tnTSeHqr3wb++jgSkXjhA==

rxjs@^7.5.5:
  version "7.8.1"
  resolved "https://registry.npmjs.org/rxjs/-/rxjs-7.8.1.tgz"
  integrity sha512-AA3TVj+0A2iuIoQkWEK/tqFjBq2j+6PO6Y0zJcvzLAFhEFIO3HL0vls9hWLncZbAAbK0mar7oZ4V079I/qPMxg==
  dependencies:
    tslib "^2.1.0"

tslib@2.4.0:
  version "2.4.0"
  resolved "https://registry.npmjs.org/tslib/-/tslib-2.4.0.tgz"
  integrity sha512-d6xOpEDfsi2CZVlPQzGeux8XMwLT9hssAsaPYExaQMuYskwb+x1x7J371tWlbBdWHroy99KnVB6qIkUbs5X3UQ==

tslib@^2.1.0:
  version "2.6.2"
  resolved "https://registry.npmjs.org/tslib/-/tslib-2.6.2.tgz"
  integrity sha512-AEYxH93jGFPn/a2iVAwW87VuUIkR1FVUKB77NwMF7nBTDkDrrT/Hpt/IrCJ0QXhW27jTBDcf5ZY7w6RiqTMw2Q==

ws@8.5.0:
  version "8.5.0"
  resolved "https://registry.npmjs.org/ws/-/ws-8.5.0.tgz"
  integrity sha512-BWX0SWVgLPzYwF8lTzEy1egjhS4S4OEAHfsO8o65WOVsrnSRGaSiUaa9e0ggGlkMTtBlmOpEXiie9RUcBO86qg==
